// !$*UTF8*$!
{
	archiveVersion = 1;
	classes = {
	};
	objectVersion = 56;
	objects = {

/* Begin PBXBuildFile section */
		258EEC752A2605D900E2A2F9 /* StreamPiApp.swift in Sources */ = {isa = PBXBuildFile; fileRef = 258EEC742A2605D900E2A2F9 /* StreamPiApp.swift */; };
		258EEC772A2605D900E2A2F9 /* Persistence.swift in Sources */ = {isa = PBXBuildFile; fileRef = 258EEC762A2605D900E2A2F9 /* Persistence.swift */; };
		258EEC7A2A2605D900E2A2F9 /* StreamPi.xcdatamodeld in Sources */ = {isa = PBXBuildFile; fileRef = 258EEC782A2605D900E2A2F9 /* StreamPi.xcdatamodeld */; };
		258EEC7C2A2605D900E2A2F9 /* ContentView.swift in Sources */ = {isa = PBXBuildFile; fileRef = 258EEC7B2A2605D900E2A2F9 /* ContentView.swift */; };
		258EEC7E2A2605DA00E2A2F9 /* Assets.xcassets in Resources */ = {isa = PBXBuildFile; fileRef = 258EEC7D2A2605DA00E2A2F9 /* Assets.xcassets */; };
		258EEC822A2605DA00E2A2F9 /* Preview Assets.xcassets in Resources */ = {isa = PBXBuildFile; fileRef = 258EEC812A2605DA00E2A2F9 /* Preview Assets.xcassets */; };
		258EEC8C2A2605DA00E2A2F9 /* StreamPiTests.swift in Sources */ = {isa = PBXBuildFile; fileRef = 258EEC8B2A2605DA00E2A2F9 /* StreamPiTests.swift */; };
		258EEC962A2605DA00E2A2F9 /* StreamPiUITests.swift in Sources */ = {isa = PBXBuildFile; fileRef = 258EEC952A2605DA00E2A2F9 /* StreamPiUITests.swift */; };
		258EEC982A2605DA00E2A2F9 /* StreamPiUITestsLaunchTests.swift in Sources */ = {isa = PBXBuildFile; fileRef = 258EEC972A2605DA00E2A2F9 /* StreamPiUITestsLaunchTests.swift */; };
/* End PBXBuildFile section */

/* Begin PBXContainerItemProxy section */
		258EEC882A2605DA00E2A2F9 /* PBXContainerItemProxy */ = {
			isa = PBXContainerItemProxy;
			containerPortal = 258EEC692A2605D900E2A2F9 /* Project object */;
			proxyType = 1;
			remoteGlobalIDString = 258EEC702A2605D900E2A2F9;
			remoteInfo = StreamPi;
		};
		258EEC922A2605DA00E2A2F9 /* PBXContainerItemProxy */ = {
			isa = PBXContainerItemProxy;
			containerPortal = 258EEC692A2605D900E2A2F9 /* Project object */;
			proxyType = 1;
			remoteGlobalIDString = 258EEC702A2605D900E2A2F9;
			remoteInfo = StreamPi;
		};
/* End PBXContainerItemProxy section */

/* Begin PBXFileReference section */
		258EEC712A2605D900E2A2F9 /* StreamPi.app */ = {isa = PBXFileReference; explicitFileType = wrapper.application; includeInIndex = 0; path = StreamPi.app; sourceTree = BUILT_PRODUCTS_DIR; };
		258EEC742A2605D900E2A2F9 /* StreamPiApp.swift */ = {isa = PBXFileReference; lastKnownFileType = sourcecode.swift; path = StreamPiApp.swift; sourceTree = "<group>"; };
		258EEC762A2605D900E2A2F9 /* Persistence.swift */ = {isa = PBXFileReference; lastKnownFileType = sourcecode.swift; path = Persistence.swift; sourceTree = "<group>"; };
		258EEC792A2605D900E2A2F9 /* StreamPi.xcdatamodel */ = {isa = PBXFileReference; lastKnownFileType = wrapper.xcdatamodel; path = StreamPi.xcdatamodel; sourceTree = "<group>"; };
		258EEC7B2A2605D900E2A2F9 /* ContentView.swift */ = {isa = PBXFileReference; lastKnownFileType = sourcecode.swift; path = ContentView.swift; sourceTree = "<group>"; };
		258EEC7D2A2605DA00E2A2F9 /* Assets.xcassets */ = {isa = PBXFileReference; lastKnownFileType = folder.assetcatalog; path = Assets.xcassets; sourceTree = "<group>"; };
		258EEC7F2A2605DA00E2A2F9 /* StreamPi.entitlements */ = {isa = PBXFileReference; lastKnownFileType = text.plist.entitlements; path = StreamPi.entitlements; sourceTree = "<group>"; };
		258EEC812A2605DA00E2A2F9 /* Preview Assets.xcassets */ = {isa = PBXFileReference; lastKnownFileType = folder.assetcatalog; path = "Preview Assets.xcassets"; sourceTree = "<group>"; };
		258EEC872A2605DA00E2A2F9 /* StreamPiTests.xctest */ = {isa = PBXFileReference; explicitFileType = wrapper.cfbundle; includeInIndex = 0; path = StreamPiTests.xctest; sourceTree = BUILT_PRODUCTS_DIR; };
		258EEC8B2A2605DA00E2A2F9 /* StreamPiTests.swift */ = {isa = PBXFileReference; lastKnownFileType = sourcecode.swift; path = StreamPiTests.swift; sourceTree = "<group>"; };
		258EEC912A2605DA00E2A2F9 /* StreamPiUITests.xctest */ = {isa = PBXFileReference; explicitFileType = wrapper.cfbundle; includeInIndex = 0; path = StreamPiUITests.xctest; sourceTree = BUILT_PRODUCTS_DIR; };
		258EEC952A2605DA00E2A2F9 /* StreamPiUITests.swift */ = {isa = PBXFileReference; lastKnownFileType = sourcecode.swift; path = StreamPiUITests.swift; sourceTree = "<group>"; };
		258EEC972A2605DA00E2A2F9 /* StreamPiUITestsLaunchTests.swift */ = {isa = PBXFileReference; lastKnownFileType = sourcecode.swift; path = StreamPiUITestsLaunchTests.swift; sourceTree = "<group>"; };
/* End PBXFileReference section */

/* Begin PBXFrameworksBuildPhase section */
		258EEC6E2A2605D900E2A2F9 /* Frameworks */ = {
			isa = PBXFrameworksBuildPhase;
			buildActionMask = 2147483647;
			files = (
			);
			runOnlyForDeploymentPostprocessing = 0;
		};
		258EEC842A2605DA00E2A2F9 /* Frameworks */ = {
			isa = PBXFrameworksBuildPhase;
			buildActionMask = 2147483647;
			files = (
			);
			runOnlyForDeploymentPostprocessing = 0;
		};
		258EEC8E2A2605DA00E2A2F9 /* Frameworks */ = {
			isa = PBXFrameworksBuildPhase;
			buildActionMask = 2147483647;
			files = (
			);
			runOnlyForDeploymentPostprocessing = 0;
		};
/* End PBXFrameworksBuildPhase section */

/* Begin PBXGroup section */
		258EEC682A2605D900E2A2F9 = {
			isa = PBXGroup;
			children = (
				258EEC732A2605D900E2A2F9 /* StreamPi */,
				258EEC8A2A2605DA00E2A2F9 /* StreamPiTests */,
				258EEC942A2605DA00E2A2F9 /* StreamPiUITests */,
				258EEC722A2605D900E2A2F9 /* Products */,
			);
			sourceTree = "<group>";
		};
		258EEC722A2605D900E2A2F9 /* Products */ = {
			isa = PBXGroup;
			children = (
				258EEC712A2605D900E2A2F9 /* StreamPi.app */,
				258EEC872A2605DA00E2A2F9 /* StreamPiTests.xctest */,
				258EEC912A2605DA00E2A2F9 /* StreamPiUITests.xctest */,
			);
			name = Products;
			sourceTree = "<group>";
		};
		258EEC732A2605D900E2A2F9 /* StreamPi */ = {
			isa = PBXGroup;
			children = (
				258EEC742A2605D900E2A2F9 /* StreamPiApp.swift */,
				258EEC762A2605D900E2A2F9 /* Persistence.swift */,
				258EEC7B2A2605D900E2A2F9 /* ContentView.swift */,
				258EEC7D2A2605DA00E2A2F9 /* Assets.xcassets */,
				258EEC7F2A2605DA00E2A2F9 /* StreamPi.entitlements */,
				258EEC782A2605D900E2A2F9 /* StreamPi.xcdatamodeld */,
				258EEC802A2605DA00E2A2F9 /* Preview Content */,
			);
			path = StreamPi;
			sourceTree = "<group>";
		};
		258EEC802A2605DA00E2A2F9 /* Preview Content */ = {
			isa = PBXGroup;
			children = (
				258EEC812A2605DA00E2A2F9 /* Preview Assets.xcassets */,
			);
			path = "Preview Content";
			sourceTree = "<group>";
		};
		258EEC8A2A2605DA00E2A2F9 /* StreamPiTests */ = {
			isa = PBXGroup;
			children = (
				258EEC8B2A2605DA00E2A2F9 /* StreamPiTests.swift */,
			);
			path = StreamPiTests;
			sourceTree = "<group>";
		};
		258EEC942A2605DA00E2A2F9 /* StreamPiUITests */ = {
			isa = PBXGroup;
			children = (
				258EEC952A2605DA00E2A2F9 /* StreamPiUITests.swift */,
				258EEC972A2605DA00E2A2F9 /* StreamPiUITestsLaunchTests.swift */,
			);
			path = StreamPiUITests;
			sourceTree = "<group>";
		};
/* End PBXGroup section */

/* Begin PBXNativeTarget section */
		258EEC702A2605D900E2A2F9 /* StreamPi */ = {
			isa = PBXNativeTarget;
			buildConfigurationList = 258EEC9B2A2605DA00E2A2F9 /* Build configuration list for PBXNativeTarget "StreamPi" */;
			buildPhases = (
				258EEC6D2A2605D900E2A2F9 /* Sources */,
				258EEC6E2A2605D900E2A2F9 /* Frameworks */,
				258EEC6F2A2605D900E2A2F9 /* Resources */,
			);
			buildRules = (
			);
			dependencies = (
			);
			name = StreamPi;
			productName = StreamPi;
			productReference = 258EEC712A2605D900E2A2F9 /* StreamPi.app */;
			productType = "com.apple.product-type.application";
		};
		258EEC862A2605DA00E2A2F9 /* StreamPiTests */ = {
			isa = PBXNativeTarget;
			buildConfigurationList = 258EEC9E2A2605DA00E2A2F9 /* Build configuration list for PBXNativeTarget "StreamPiTests" */;
			buildPhases = (
				258EEC832A2605DA00E2A2F9 /* Sources */,
				258EEC842A2605DA00E2A2F9 /* Frameworks */,
				258EEC852A2605DA00E2A2F9 /* Resources */,
			);
			buildRules = (
			);
			dependencies = (
				258EEC892A2605DA00E2A2F9 /* PBXTargetDependency */,
			);
			name = StreamPiTests;
			productName = StreamPiTests;
			productReference = 258EEC872A2605DA00E2A2F9 /* StreamPiTests.xctest */;
			productType = "com.apple.product-type.bundle.unit-test";
		};
		258EEC902A2605DA00E2A2F9 /* StreamPiUITests */ = {
			isa = PBXNativeTarget;
			buildConfigurationList = 258EECA12A2605DA00E2A2F9 /* Build configuration list for PBXNativeTarget "StreamPiUITests" */;
			buildPhases = (
				258EEC8D2A2605DA00E2A2F9 /* Sources */,
				258EEC8E2A2605DA00E2A2F9 /* Frameworks */,
				258EEC8F2A2605DA00E2A2F9 /* Resources */,
			);
			buildRules = (
			);
			dependencies = (
				258EEC932A2605DA00E2A2F9 /* PBXTargetDependency */,
			);
			name = StreamPiUITests;
			productName = StreamPiUITests;
			productReference = 258EEC912A2605DA00E2A2F9 /* StreamPiUITests.xctest */;
			productType = "com.apple.product-type.bundle.ui-testing";
		};
/* End PBXNativeTarget section */

/* Begin PBXProject section */
		258EEC692A2605D900E2A2F9 /* Project object */ = {
			isa = PBXProject;
			attributes = {
				BuildIndependentTargetsInParallel = 1;
				LastSwiftUpdateCheck = 1430;
				LastUpgradeCheck = 1430;
				TargetAttributes = {
					258EEC702A2605D900E2A2F9 = {
						CreatedOnToolsVersion = 14.3;
					};
					258EEC862A2605DA00E2A2F9 = {
						CreatedOnToolsVersion = 14.3;
						TestTargetID = 258EEC702A2605D900E2A2F9;
					};
					258EEC902A2605DA00E2A2F9 = {
						CreatedOnToolsVersion = 14.3;
						TestTargetID = 258EEC702A2605D900E2A2F9;
					};
				};
			};
			buildConfigurationList = 258EEC6C2A2605D900E2A2F9 /* Build configuration list for PBXProject "StreamPi" */;
			compatibilityVersion = "Xcode 14.0";
			developmentRegion = en;
			hasScannedForEncodings = 0;
			knownRegions = (
				en,
				Base,
			);
			mainGroup = 258EEC682A2605D900E2A2F9;
			productRefGroup = 258EEC722A2605D900E2A2F9 /* Products */;
			projectDirPath = "";
			projectRoot = "";
			targets = (
				258EEC702A2605D900E2A2F9 /* StreamPi */,
				258EEC862A2605DA00E2A2F9 /* StreamPiTests */,
				258EEC902A2605DA00E2A2F9 /* StreamPiUITests */,
			);
		};
/* End PBXProject section */

/* Begin PBXResourcesBuildPhase section */
		258EEC6F2A2605D900E2A2F9 /* Resources */ = {
			isa = PBXResourcesBuildPhase;
			buildActionMask = 2147483647;
			files = (
				258EEC822A2605DA00E2A2F9 /* Preview Assets.xcassets in Resources */,
				258EEC7E2A2605DA00E2A2F9 /* Assets.xcassets in Resources */,
			);
			runOnlyForDeploymentPostprocessing = 0;
		};
		258EEC852A2605DA00E2A2F9 /* Resources */ = {
			isa = PBXResourcesBuildPhase;
			buildActionMask = 2147483647;
			files = (
			);
			runOnlyForDeploymentPostprocessing = 0;
		};
		258EEC8F2A2605DA00E2A2F9 /* Resources */ = {
			isa = PBXResourcesBuildPhase;
			buildActionMask = 2147483647;
			files = (
			);
			runOnlyForDeploymentPostprocessing = 0;
		};
/* End PBXResourcesBuildPhase section */

/* Begin PBXSourcesBuildPhase section */
		258EEC6D2A2605D900E2A2F9 /* Sources */ = {
			isa = PBXSourcesBuildPhase;
			buildActionMask = 2147483647;
			files = (
				258EEC752A2605D900E2A2F9 /* StreamPiApp.swift in Sources */,
				258EEC7A2A2605D900E2A2F9 /* StreamPi.xcdatamodeld in Sources */,
				258EEC7C2A2605D900E2A2F9 /* ContentView.swift in Sources */,
				258EEC772A2605D900E2A2F9 /* Persistence.swift in Sources */,
			);
			runOnlyForDeploymentPostprocessing = 0;
		};
		258EEC832A2605DA00E2A2F9 /* Sources */ = {
			isa = PBXSourcesBuildPhase;
			buildActionMask = 2147483647;
			files = (
				258EEC8C2A2605DA00E2A2F9 /* StreamPiTests.swift in Sources */,
			);
			runOnlyForDeploymentPostprocessing = 0;
		};
		258EEC8D2A2605DA00E2A2F9 /* Sources */ = {
			isa = PBXSourcesBuildPhase;
			buildActionMask = 2147483647;
			files = (
				258EEC982A2605DA00E2A2F9 /* StreamPiUITestsLaunchTests.swift in Sources */,
				258EEC962A2605DA00E2A2F9 /* StreamPiUITests.swift in Sources */,
			);
			runOnlyForDeploymentPostprocessing = 0;
		};
/* End PBXSourcesBuildPhase section */

/* Begin PBXTargetDependency section */
		258EEC892A2605DA00E2A2F9 /* PBXTargetDependency */ = {
			isa = PBXTargetDependency;
			target = 258EEC702A2605D900E2A2F9 /* StreamPi */;
			targetProxy = 258EEC882A2605DA00E2A2F9 /* PBXContainerItemProxy */;
		};
		258EEC932A2605DA00E2A2F9 /* PBXTargetDependency */ = {
			isa = PBXTargetDependency;
			target = 258EEC702A2605D900E2A2F9 /* StreamPi */;
			targetProxy = 258EEC922A2605DA00E2A2F9 /* PBXContainerItemProxy */;
		};
/* End PBXTargetDependency section */

/* Begin XCBuildConfiguration section */
		258EEC992A2605DA00E2A2F9 /* Debug */ = {
			isa = XCBuildConfiguration;
			buildSettings = {
				ALWAYS_SEARCH_USER_PATHS = NO;
				CLANG_ANALYZER_NONNULL = YES;
				CLANG_ANALYZER_NUMBER_OBJECT_CONVERSION = YES_AGGRESSIVE;
				CLANG_CXX_LANGUAGE_STANDARD = "gnu++20";
				CLANG_ENABLE_MODULES = YES;
				CLANG_ENABLE_OBJC_ARC = YES;
				CLANG_ENABLE_OBJC_WEAK = YES;
				CLANG_WARN_BLOCK_CAPTURE_AUTORELEASING = YES;
				CLANG_WARN_BOOL_CONVERSION = YES;
				CLANG_WARN_COMMA = YES;
				CLANG_WARN_CONSTANT_CONVERSION = YES;
				CLANG_WARN_DEPRECATED_OBJC_IMPLEMENTATIONS = YES;
				CLANG_WARN_DIRECT_OBJC_ISA_USAGE = YES_ERROR;
				CLANG_WARN_DOCUMENTATION_COMMENTS = YES;
				CLANG_WARN_EMPTY_BODY = YES;
				CLANG_WARN_ENUM_CONVERSION = YES;
				CLANG_WARN_INFINITE_RECURSION = YES;
				CLANG_WARN_INT_CONVERSION = YES;
				CLANG_WARN_NON_LITERAL_NULL_CONVERSION = YES;
				CLANG_WARN_OBJC_IMPLICIT_RETAIN_SELF = YES;
				CLANG_WARN_OBJC_LITERAL_CONVERSION = YES;
				CLANG_WARN_OBJC_ROOT_CLASS = YES_ERROR;
				CLANG_WARN_QUOTED_INCLUDE_IN_FRAMEWORK_HEADER = YES;
				CLANG_WARN_RANGE_LOOP_ANALYSIS = YES;
				CLANG_WARN_STRICT_PROTOTYPES = YES;
				CLANG_WARN_SUSPICIOUS_MOVE = YES;
				CLANG_WARN_UNGUARDED_AVAILABILITY = YES_AGGRESSIVE;
				CLANG_WARN_UNREACHABLE_CODE = YES;
				CLANG_WARN__DUPLICATE_METHOD_MATCH = YES;
				COPY_PHASE_STRIP = NO;
				DEBUG_INFORMATION_FORMAT = dwarf;
				ENABLE_STRICT_OBJC_MSGSEND = YES;
				ENABLE_TESTABILITY = YES;
				GCC_C_LANGUAGE_STANDARD = gnu11;
				GCC_DYNAMIC_NO_PIC = NO;
				GCC_NO_COMMON_BLOCKS = YES;
				GCC_OPTIMIZATION_LEVEL = 0;
				GCC_PREPROCESSOR_DEFINITIONS = (
					"DEBUG=1",
					"$(inherited)",
				);
				GCC_WARN_64_TO_32_BIT_CONVERSION = YES;
				GCC_WARN_ABOUT_RETURN_TYPE = YES_ERROR;
				GCC_WARN_UNDECLARED_SELECTOR = YES;
				GCC_WARN_UNINITIALIZED_AUTOS = YES_AGGRESSIVE;
				GCC_WARN_UNUSED_FUNCTION = YES;
				GCC_WARN_UNUSED_VARIABLE = YES;
				MTL_ENABLE_DEBUG_INFO = INCLUDE_SOURCE;
				MTL_FAST_MATH = YES;
				ONLY_ACTIVE_ARCH = YES;
				SWIFT_ACTIVE_COMPILATION_CONDITIONS = DEBUG;
				SWIFT_OPTIMIZATION_LEVEL = "-Onone";
			};
			name = Debug;
		};
		258EEC9A2A2605DA00E2A2F9 /* Release */ = {
			isa = XCBuildConfiguration;
			buildSettings = {
				ALWAYS_SEARCH_USER_PATHS = NO;
				CLANG_ANALYZER_NONNULL = YES;
				CLANG_ANALYZER_NUMBER_OBJECT_CONVERSION = YES_AGGRESSIVE;
				CLANG_CXX_LANGUAGE_STANDARD = "gnu++20";
				CLANG_ENABLE_MODULES = YES;
				CLANG_ENABLE_OBJC_ARC = YES;
				CLANG_ENABLE_OBJC_WEAK = YES;
				CLANG_WARN_BLOCK_CAPTURE_AUTORELEASING = YES;
				CLANG_WARN_BOOL_CONVERSION = YES;
				CLANG_WARN_COMMA = YES;
				CLANG_WARN_CONSTANT_CONVERSION = YES;
				CLANG_WARN_DEPRECATED_OBJC_IMPLEMENTATIONS = YES;
				CLANG_WARN_DIRECT_OBJC_ISA_USAGE = YES_ERROR;
				CLANG_WARN_DOCUMENTATION_COMMENTS = YES;
				CLANG_WARN_EMPTY_BODY = YES;
				CLANG_WARN_ENUM_CONVERSION = YES;
				CLANG_WARN_INFINITE_RECURSION = YES;
				CLANG_WARN_INT_CONVERSION = YES;
				CLANG_WARN_NON_LITERAL_NULL_CONVERSION = YES;
				CLANG_WARN_OBJC_IMPLICIT_RETAIN_SELF = YES;
				CLANG_WARN_OBJC_LITERAL_CONVERSION = YES;
				CLANG_WARN_OBJC_ROOT_CLASS = YES_ERROR;
				CLANG_WARN_QUOTED_INCLUDE_IN_FRAMEWORK_HEADER = YES;
				CLANG_WARN_RANGE_LOOP_ANALYSIS = YES;
				CLANG_WARN_STRICT_PROTOTYPES = YES;
				CLANG_WARN_SUSPICIOUS_MOVE = YES;
				CLANG_WARN_UNGUARDED_AVAILABILITY = YES_AGGRESSIVE;
				CLANG_WARN_UNREACHABLE_CODE = YES;
				CLANG_WARN__DUPLICATE_METHOD_MATCH = YES;
				COPY_PHASE_STRIP = NO;
				DEBUG_INFORMATION_FORMAT = "dwarf-with-dsym";
				ENABLE_NS_ASSERTIONS = NO;
				ENABLE_STRICT_OBJC_MSGSEND = YES;
				GCC_C_LANGUAGE_STANDARD = gnu11;
				GCC_NO_COMMON_BLOCKS = YES;
				GCC_WARN_64_TO_32_BIT_CONVERSION = YES;
				GCC_WARN_ABOUT_RETURN_TYPE = YES_ERROR;
				GCC_WARN_UNDECLARED_SELECTOR = YES;
				GCC_WARN_UNINITIALIZED_AUTOS = YES_AGGRESSIVE;
				GCC_WARN_UNUSED_FUNCTION = YES;
				GCC_WARN_UNUSED_VARIABLE = YES;
				MTL_ENABLE_DEBUG_INFO = NO;
				MTL_FAST_MATH = YES;
				SWIFT_COMPILATION_MODE = wholemodule;
				SWIFT_OPTIMIZATION_LEVEL = "-O";
			};
			name = Release;
		};
		258EEC9C2A2605DA00E2A2F9 /* Debug */ = {
			isa = XCBuildConfiguration;
			buildSettings = {
				ASSETCATALOG_COMPILER_APPICON_NAME = AppIcon;
				ASSETCATALOG_COMPILER_GLOBAL_ACCENT_COLOR_NAME = AccentColor;
				CODE_SIGN_ENTITLEMENTS = StreamPi/StreamPi.entitlements;
				CODE_SIGN_STYLE = Automatic;
				CURRENT_PROJECT_VERSION = 1;
				DEVELOPMENT_ASSET_PATHS = "\"StreamPi/Preview Content\"";
				DEVELOPMENT_TEAM = ZQN4Q66WCZ;
				ENABLE_HARDENED_RUNTIME = YES;
				ENABLE_PREVIEWS = YES;
				GENERATE_INFOPLIST_FILE = YES;
				"INFOPLIST_KEY_UIApplicationSceneManifest_Generation[sdk=iphoneos*]" = YES;
				"INFOPLIST_KEY_UIApplicationSceneManifest_Generation[sdk=iphonesimulator*]" = YES;
				"INFOPLIST_KEY_UIApplicationSupportsIndirectInputEvents[sdk=iphoneos*]" = YES;
				"INFOPLIST_KEY_UIApplicationSupportsIndirectInputEvents[sdk=iphonesimulator*]" = YES;
				"INFOPLIST_KEY_UILaunchScreen_Generation[sdk=iphoneos*]" = YES;
				"INFOPLIST_KEY_UILaunchScreen_Generation[sdk=iphonesimulator*]" = YES;
				"INFOPLIST_KEY_UIStatusBarStyle[sdk=iphoneos*]" = UIStatusBarStyleDefault;
				"INFOPLIST_KEY_UIStatusBarStyle[sdk=iphonesimulator*]" = UIStatusBarStyleDefault;
				INFOPLIST_KEY_UISupportedInterfaceOrientations_iPad = "UIInterfaceOrientationPortrait UIInterfaceOrientationPortraitUpsideDown UIInterfaceOrientationLandscapeLeft UIInterfaceOrientationLandscapeRight";
				INFOPLIST_KEY_UISupportedInterfaceOrientations_iPhone = "UIInterfaceOrientationPortrait UIInterfaceOrientationLandscapeLeft UIInterfaceOrientationLandscapeRight";
				IPHONEOS_DEPLOYMENT_TARGET = 16.4;
				LD_RUNPATH_SEARCH_PATHS = "@executable_path/Frameworks";
				"LD_RUNPATH_SEARCH_PATHS[sdk=macosx*]" = "@executable_path/../Frameworks";
				MACOSX_DEPLOYMENT_TARGET = 13.3;
				MARKETING_VERSION = 1.0;
				PRODUCT_BUNDLE_IDENTIFIER = media.com.StreamPi.StreamPi;
				PRODUCT_NAME = "$(TARGET_NAME)";
				SDKROOT = auto;
				SUPPORTED_PLATFORMS = "iphoneos iphonesimulator macosx";
				SWIFT_EMIT_LOC_STRINGS = YES;
				SWIFT_VERSION = 5.0;
				TARGETED_DEVICE_FAMILY = "1,2";
			};
			name = Debug;
		};
		258EEC9D2A2605DA00E2A2F9 /* Release */ = {
			isa = XCBuildConfiguration;
			buildSettings = {
				ASSETCATALOG_COMPILER_APPICON_NAME = AppIcon;
				ASSETCATALOG_COMPILER_GLOBAL_ACCENT_COLOR_NAME = AccentColor;
				CODE_SIGN_ENTITLEMENTS = StreamPi/StreamPi.entitlements;
				CODE_SIGN_STYLE = Automatic;
				CURRENT_PROJECT_VERSION = 1;
				DEVELOPMENT_ASSET_PATHS = "\"StreamPi/Preview Content\"";
				DEVELOPMENT_TEAM = ZQN4Q66WCZ;
				ENABLE_HARDENED_RUNTIME = YES;
				ENABLE_PREVIEWS = YES;
				GENERATE_INFOPLIST_FILE = YES;
				"INFOPLIST_KEY_UIApplicationSceneManifest_Generation[sdk=iphoneos*]" = YES;
				"INFOPLIST_KEY_UIApplicationSceneManifest_Generation[sdk=iphonesimulator*]" = YES;
				"INFOPLIST_KEY_UIApplicationSupportsIndirectInputEvents[sdk=iphoneos*]" = YES;
				"INFOPLIST_KEY_UIApplicationSupportsIndirectInputEvents[sdk=iphonesimulator*]" = YES;
				"INFOPLIST_KEY_UILaunchScreen_Generation[sdk=iphoneos*]" = YES;
				"INFOPLIST_KEY_UILaunchScreen_Generation[sdk=iphonesimulator*]" = YES;
				"INFOPLIST_KEY_UIStatusBarStyle[sdk=iphoneos*]" = UIStatusBarStyleDefault;
				"INFOPLIST_KEY_UIStatusBarStyle[sdk=iphonesimulator*]" = UIStatusBarStyleDefault;
				INFOPLIST_KEY_UISupportedInterfaceOrientations_iPad = "UIInterfaceOrientationPortrait UIInterfaceOrientationPortraitUpsideDown UIInterfaceOrientationLandscapeLeft UIInterfaceOrientationLandscapeRight";
				INFOPLIST_KEY_UISupportedInterfaceOrientations_iPhone = "UIInterfaceOrientationPortrait UIInterfaceOrientationLandscapeLeft UIInterfaceOrientationLandscapeRight";
				IPHONEOS_DEPLOYMENT_TARGET = 16.4;
				LD_RUNPATH_SEARCH_PATHS = "@executable_path/Frameworks";
				"LD_RUNPATH_SEARCH_PATHS[sdk=macosx*]" = "@executable_path/../Frameworks";
				MACOSX_DEPLOYMENT_TARGET = 13.3;
				MARKETING_VERSION = 1.0;
				PRODUCT_BUNDLE_IDENTIFIER = media.com.StreamPi.StreamPi;
				PRODUCT_NAME = "$(TARGET_NAME)";
				SDKROOT = auto;
				SUPPORTED_PLATFORMS = "iphoneos iphonesimulator macosx";
				SWIFT_EMIT_LOC_STRINGS = YES;
				SWIFT_VERSION = 5.0;
				TARGETED_DEVICE_FAMILY = "1,2";
			};
			name = Release;
		};
		258EEC9F2A2605DA00E2A2F9 /* Debug */ = {
			isa = XCBuildConfiguration;
			buildSettings = {
				ALWAYS_EMBED_SWIFT_STANDARD_LIBRARIES = YES;
				BUNDLE_LOADER = "$(TEST_HOST)";
				CODE_SIGN_STYLE = Automatic;
				CURRENT_PROJECT_VERSION = 1;
				DEVELOPMENT_TEAM = ZQN4Q66WCZ;
				GENERATE_INFOPLIST_FILE = YES;
				IPHONEOS_DEPLOYMENT_TARGET = 16.4;
				MACOSX_DEPLOYMENT_TARGET = 13.3;
				MARKETING_VERSION = 1.0;
				PRODUCT_BUNDLE_IDENTIFIER = media.com.StreamPi.StreamPiTests;
				PRODUCT_NAME = "$(TARGET_NAME)";
				SDKROOT = auto;
				SUPPORTED_PLATFORMS = "iphoneos iphonesimulator macosx";
				SWIFT_EMIT_LOC_STRINGS = NO;
				SWIFT_VERSION = 5.0;
				TARGETED_DEVICE_FAMILY = "1,2";
				TEST_HOST = "$(BUILT_PRODUCTS_DIR)/StreamPi.app/$(BUNDLE_EXECUTABLE_FOLDER_PATH)/StreamPi";
			};
			name = Debug;
		};
		258EECA02A2605DA00E2A2F9 /* Release */ = {
			isa = XCBuildConfiguration;
			buildSettings = {
				ALWAYS_EMBED_SWIFT_STANDARD_LIBRARIES = YES;
				BUNDLE_LOADER = "$(TEST_HOST)";
				CODE_SIGN_STYLE = Automatic;
				CURRENT_PROJECT_VERSION = 1;
				DEVELOPMENT_TEAM = ZQN4Q66WCZ;
				GENERATE_INFOPLIST_FILE = YES;
				IPHONEOS_DEPLOYMENT_TARGET = 16.4;
				MACOSX_DEPLOYMENT_TARGET = 13.3;
				MARKETING_VERSION = 1.0;
				PRODUCT_BUNDLE_IDENTIFIER = media.com.StreamPi.StreamPiTests;
				PRODUCT_NAME = "$(TARGET_NAME)";
				SDKROOT = auto;
				SUPPORTED_PLATFORMS = "iphoneos iphonesimulator macosx";
				SWIFT_EMIT_LOC_STRINGS = NO;
				SWIFT_VERSION = 5.0;
				TARGETED_DEVICE_FAMILY = "1,2";
				TEST_HOST = "$(BUILT_PRODUCTS_DIR)/StreamPi.app/$(BUNDLE_EXECUTABLE_FOLDER_PATH)/StreamPi";
			};
			name = Release;
		};
		258EECA22A2605DA00E2A2F9 /* Debug */ = {
			isa = XCBuildConfiguration;
			buildSettings = {
				ALWAYS_EMBED_SWIFT_STANDARD_LIBRARIES = YES;
				CODE_SIGN_STYLE = Automatic;
				CURRENT_PROJECT_VERSION = 1;
				DEVELOPMENT_TEAM = ZQN4Q66WCZ;
				GENERATE_INFOPLIST_FILE = YES;
				IPHONEOS_DEPLOYMENT_TARGET = 16.4;
				MACOSX_DEPLOYMENT_TARGET = 13.3;
				MARKETING_VERSION = 1.0;
				PRODUCT_BUNDLE_IDENTIFIER = media.com.StreamPi.StreamPiUITests;
				PRODUCT_NAME = "$(TARGET_NAME)";
				SDKROOT = auto;
				SUPPORTED_PLATFORMS = "iphoneos iphonesimulator macosx";
				SWIFT_EMIT_LOC_STRINGS = NO;
				SWIFT_VERSION = 5.0;
				TARGETED_DEVICE_FAMILY = "1,2";
				TEST_TARGET_NAME = StreamPi;
			};
			name = Debug;
		};
		258EECA32A2605DA00E2A2F9 /* Release */ = {
			isa = XCBuildConfiguration;
			buildSettings = {
				ALWAYS_EMBED_SWIFT_STANDARD_LIBRARIES = YES;
				CODE_SIGN_STYLE = Automatic;
				CURRENT_PROJECT_VERSION = 1;
				DEVELOPMENT_TEAM = ZQN4Q66WCZ;
				GENERATE_INFOPLIST_FILE = YES;
				IPHONEOS_DEPLOYMENT_TARGET = 16.4;
				MACOSX_DEPLOYMENT_TARGET = 13.3;
				MARKETING_VERSION = 1.0;
				PRODUCT_BUNDLE_IDENTIFIER = media.com.StreamPi.StreamPiUITests;
				PRODUCT_NAME = "$(TARGET_NAME)";
				SDKROOT = auto;
				SUPPORTED_PLATFORMS = "iphoneos iphonesimulator macosx";
				SWIFT_EMIT_LOC_STRINGS = NO;
				SWIFT_VERSION = 5.0;
				TARGETED_DEVICE_FAMILY = "1,2";
				TEST_TARGET_NAME = StreamPi;
			};
			name = Release;
		};
/* End XCBuildConfiguration section */

/* Begin XCConfigurationList section */
		258EEC6C2A2605D900E2A2F9 /* Build configuration list for PBXProject "StreamPi" */ = {
			isa = XCConfigurationList;
			buildConfigurations = (
				258EEC992A2605DA00E2A2F9 /* Debug */,
				258EEC9A2A2605DA00E2A2F9 /* Release */,
			);
			defaultConfigurationIsVisible = 0;
			defaultConfigurationName = Release;
		};
		258EEC9B2A2605DA00E2A2F9 /* Build configuration list for PBXNativeTarget "StreamPi" */ = {
			isa = XCConfigurationList;
			buildConfigurations = (
				258EEC9C2A2605DA00E2A2F9 /* Debug */,
				258EEC9D2A2605DA00E2A2F9 /* Release */,
			);
			defaultConfigurationIsVisible = 0;
			defaultConfigurationName = Release;
		};
		258EEC9E2A2605DA00E2A2F9 /* Build configuration list for PBXNativeTarget "StreamPiTests" */ = {
			isa = XCConfigurationList;
			buildConfigurations = (
				258EEC9F2A2605DA00E2A2F9 /* Debug */,
				258EECA02A2605DA00E2A2F9 /* Release */,
			);
			defaultConfigurationIsVisible = 0;
			defaultConfigurationName = Release;
		};
		258EECA12A2605DA00E2A2F9 /* Build configuration list for PBXNativeTarget "StreamPiUITests" */ = {
			isa = XCConfigurationList;
			buildConfigurations = (
				258EECA22A2605DA00E2A2F9 /* Debug */,
				258EECA32A2605DA00E2A2F9 /* Release */,
			);
			defaultConfigurationIsVisible = 0;
			defaultConfigurationName = Release;
		};
/* End XCConfigurationList section */

/* Begin XCVersionGroup section */
		258EEC782A2605D900E2A2F9 /* StreamPi.xcdatamodeld */ = {
			isa = XCVersionGroup;
			children = (
				258EEC792A2605D900E2A2F9 /* StreamPi.xcdatamodel */,
			);
			currentVersion = 258EEC792A2605D900E2A2F9 /* StreamPi.xcdatamodel */;
			path = StreamPi.xcdatamodeld;
			sourceTree = "<group>";
			versionGroupType = wrapper.xcdatamodel;
		};
/* End XCVersionGroup section */
	};
	rootObject = 258EEC692A2605D900E2A2F9 /* Project object */;
}
